// !$*UTF8*$!
{
	archiveVersion = 1;
	classes = {
	};
	objectVersion = 51;
	objects = {

/* Begin PBXBuildFile section */
		15A499E52347E20E00DBBE0A /* ChatViewController.swift in Sources */ = {isa = PBXBuildFile; fileRef = 15A499E42347E20E00DBBE0A /* ChatViewController.swift */; };
		15A499EA2347E73500DBBE0A /* Extensions.swift in Sources */ = {isa = PBXBuildFile; fileRef = 15A499E92347E73500DBBE0A /* Extensions.swift */; };
		15A499EC2347F3B400DBBE0A /* GoogleService-Info.plist in Resources */ = {isa = PBXBuildFile; fileRef = 15A499EB2347F3B400DBBE0A /* GoogleService-Info.plist */; };
		15A499EF2347F8E900DBBE0A /* FirebaseHelper.swift in Sources */ = {isa = PBXBuildFile; fileRef = 15A499EE2347F8E900DBBE0A /* FirebaseHelper.swift */; };
		511D71B288384600EDDEA04F /* Pods_ATT.framework in Frameworks */ = {isa = PBXBuildFile; fileRef = 201DB110641353AFF31D517A /* Pods_ATT.framework */; };
		9851C5A12347BF2700468986 /* AppDelegate.swift in Sources */ = {isa = PBXBuildFile; fileRef = 9851C5A02347BF2700468986 /* AppDelegate.swift */; };
		9851C5A32347BF2700468986 /* SceneDelegate.swift in Sources */ = {isa = PBXBuildFile; fileRef = 9851C5A22347BF2700468986 /* SceneDelegate.swift */; };
		9851C5A52347BF2700468986 /* ViewController.swift in Sources */ = {isa = PBXBuildFile; fileRef = 9851C5A42347BF2700468986 /* ViewController.swift */; };
		9851C5A82347BF2800468986 /* Main.storyboard in Resources */ = {isa = PBXBuildFile; fileRef = 9851C5A62347BF2800468986 /* Main.storyboard */; };
		9851C5AA2347BF2900468986 /* Assets.xcassets in Resources */ = {isa = PBXBuildFile; fileRef = 9851C5A92347BF2900468986 /* Assets.xcassets */; };
		9851C5AD2347BF2900468986 /* LaunchScreen.storyboard in Resources */ = {isa = PBXBuildFile; fileRef = 9851C5AB2347BF2900468986 /* LaunchScreen.storyboard */; };
/* End PBXBuildFile section */

/* Begin PBXFileReference section */
		15A499E42347E20E00DBBE0A /* ChatViewController.swift */ = {isa = PBXFileReference; lastKnownFileType = sourcecode.swift; path = ChatViewController.swift; sourceTree = "<group>"; };
		15A499E92347E73500DBBE0A /* Extensions.swift */ = {isa = PBXFileReference; lastKnownFileType = sourcecode.swift; path = Extensions.swift; sourceTree = "<group>"; };
		15A499EB2347F3B400DBBE0A /* GoogleService-Info.plist */ = {isa = PBXFileReference; fileEncoding = 4; lastKnownFileType = text.plist.xml; path = "GoogleService-Info.plist"; sourceTree = "<group>"; };
		15A499EE2347F8E900DBBE0A /* FirebaseHelper.swift */ = {isa = PBXFileReference; lastKnownFileType = sourcecode.swift; path = FirebaseHelper.swift; sourceTree = "<group>"; };
		15D3791EA5B60B59C91ABF45 /* Pods-ATT.debug.xcconfig */ = {isa = PBXFileReference; includeInIndex = 1; lastKnownFileType = text.xcconfig; name = "Pods-ATT.debug.xcconfig"; path = "Target Support Files/Pods-ATT/Pods-ATT.debug.xcconfig"; sourceTree = "<group>"; };
		201DB110641353AFF31D517A /* Pods_ATT.framework */ = {isa = PBXFileReference; explicitFileType = wrapper.framework; includeInIndex = 0; path = Pods_ATT.framework; sourceTree = BUILT_PRODUCTS_DIR; };
		9851C59D2347BF2700468986 /* ATT.app */ = {isa = PBXFileReference; explicitFileType = wrapper.application; includeInIndex = 0; path = ATT.app; sourceTree = BUILT_PRODUCTS_DIR; };
		9851C5A02347BF2700468986 /* AppDelegate.swift */ = {isa = PBXFileReference; lastKnownFileType = sourcecode.swift; path = AppDelegate.swift; sourceTree = "<group>"; };
		9851C5A22347BF2700468986 /* SceneDelegate.swift */ = {isa = PBXFileReference; lastKnownFileType = sourcecode.swift; path = SceneDelegate.swift; sourceTree = "<group>"; };
		9851C5A42347BF2700468986 /* ViewController.swift */ = {isa = PBXFileReference; lastKnownFileType = sourcecode.swift; path = ViewController.swift; sourceTree = "<group>"; };
		9851C5A72347BF2800468986 /* Base */ = {isa = PBXFileReference; lastKnownFileType = file.storyboard; name = Base; path = Base.lproj/Main.storyboard; sourceTree = "<group>"; };
		9851C5A92347BF2900468986 /* Assets.xcassets */ = {isa = PBXFileReference; lastKnownFileType = folder.assetcatalog; path = Assets.xcassets; sourceTree = "<group>"; };
		9851C5AC2347BF2900468986 /* Base */ = {isa = PBXFileReference; lastKnownFileType = file.storyboard; name = Base; path = Base.lproj/LaunchScreen.storyboard; sourceTree = "<group>"; };
		9851C5AE2347BF2900468986 /* Info.plist */ = {isa = PBXFileReference; lastKnownFileType = text.plist.xml; path = Info.plist; sourceTree = "<group>"; };
		AB5C3B8B38E4437ACECAFF73 /* Pods-ATT.release.xcconfig */ = {isa = PBXFileReference; includeInIndex = 1; lastKnownFileType = text.xcconfig; name = "Pods-ATT.release.xcconfig"; path = "Target Support Files/Pods-ATT/Pods-ATT.release.xcconfig"; sourceTree = "<group>"; };
/* End PBXFileReference section */

/* Begin PBXFrameworksBuildPhase section */
		9851C59A2347BF2700468986 /* Frameworks */ = {
			isa = PBXFrameworksBuildPhase;
			buildActionMask = 2147483647;
			files = (
				511D71B288384600EDDEA04F /* Pods_ATT.framework in Frameworks */,
			);
			runOnlyForDeploymentPostprocessing = 0;
		};
/* End PBXFrameworksBuildPhase section */

/* Begin PBXGroup section */
		15A499E62347E6B900DBBE0A /* controllers */ = {
			isa = PBXGroup;
			children = (
				9851C5A42347BF2700468986 /* ViewController.swift */,
				15A499E42347E20E00DBBE0A /* ChatViewController.swift */,
			);
			path = controllers;
			sourceTree = "<group>";
		};
		15A499E72347E6D000DBBE0A /* views */ = {
			isa = PBXGroup;
			children = (
				9851C5AB2347BF2900468986 /* LaunchScreen.storyboard */,
				9851C5A62347BF2800468986 /* Main.storyboard */,
			);
			path = views;
			sourceTree = "<group>";
		};
		15A499E82347E72900DBBE0A /* utils */ = {
			isa = PBXGroup;
			children = (
				15A499E92347E73500DBBE0A /* Extensions.swift */,
			);
			path = utils;
			sourceTree = "<group>";
		};
		15A499ED2347F8CC00DBBE0A /* Helper */ = {
			isa = PBXGroup;
			children = (
				15A499EE2347F8E900DBBE0A /* FirebaseHelper.swift */,
			);
			path = Helper;
			sourceTree = "<group>";
		};
		78247D1ED74ABBA9A4174B63 /* Frameworks */ = {
			isa = PBXGroup;
			children = (
				201DB110641353AFF31D517A /* Pods_ATT.framework */,
			);
			name = Frameworks;
			sourceTree = "<group>";
		};
		9851C5942347BF2700468986 = {
			isa = PBXGroup;
			children = (
				9851C59F2347BF2700468986 /* ATT */,
				9851C59E2347BF2700468986 /* Products */,
				A76115D2B8786582DFD581AD /* Pods */,
				78247D1ED74ABBA9A4174B63 /* Frameworks */,
			);
			sourceTree = "<group>";
		};
		9851C59E2347BF2700468986 /* Products */ = {
			isa = PBXGroup;
			children = (
				9851C59D2347BF2700468986 /* ATT.app */,
			);
			name = Products;
			sourceTree = "<group>";
		};
		9851C59F2347BF2700468986 /* ATT */ = {
			isa = PBXGroup;
			children = (
				15A499ED2347F8CC00DBBE0A /* Helper */,
				15A499E82347E72900DBBE0A /* utils */,
				15A499E72347E6D000DBBE0A /* views */,
				15A499E62347E6B900DBBE0A /* controllers */,
				9851C5A02347BF2700468986 /* AppDelegate.swift */,
				9851C5A22347BF2700468986 /* SceneDelegate.swift */,
				9851C5A92347BF2900468986 /* Assets.xcassets */,
				15A499EB2347F3B400DBBE0A /* GoogleService-Info.plist */,
				9851C5AE2347BF2900468986 /* Info.plist */,
			);
			path = ATT;
			sourceTree = "<group>";
		};
		A76115D2B8786582DFD581AD /* Pods */ = {
			isa = PBXGroup;
			children = (
				15D3791EA5B60B59C91ABF45 /* Pods-ATT.debug.xcconfig */,
				AB5C3B8B38E4437ACECAFF73 /* Pods-ATT.release.xcconfig */,
			);
			path = Pods;
			sourceTree = "<group>";
		};
/* End PBXGroup section */

/* Begin PBXNativeTarget section */
		9851C59C2347BF2700468986 /* ATT */ = {
			isa = PBXNativeTarget;
			buildConfigurationList = 9851C5B12347BF2900468986 /* Build configuration list for PBXNativeTarget "ATT" */;
			buildPhases = (
				FE02446A69D00048B77DDF03 /* [CP] Check Pods Manifest.lock */,
				9851C5992347BF2700468986 /* Sources */,
				9851C59A2347BF2700468986 /* Frameworks */,
				9851C59B2347BF2700468986 /* Resources */,
				12FE8E3CD6F1DD02EADEB9D9 /* [CP] Embed Pods Frameworks */,
			);
			buildRules = (
			);
			dependencies = (
			);
			name = ATT;
			productName = ATT;
			productReference = 9851C59D2347BF2700468986 /* ATT.app */;
			productType = "com.apple.product-type.application";
		};
/* End PBXNativeTarget section */

/* Begin PBXProject section */
		9851C5952347BF2700468986 /* Project object */ = {
			isa = PBXProject;
			attributes = {
				LastSwiftUpdateCheck = 1100;
				LastUpgradeCheck = 1100;
				ORGANIZATIONNAME = hackercidadao;
				TargetAttributes = {
					9851C59C2347BF2700468986 = {
						CreatedOnToolsVersion = 11.0;
					};
				};
			};
			buildConfigurationList = 9851C5982347BF2700468986 /* Build configuration list for PBXProject "ATT" */;
			compatibilityVersion = "Xcode 9.3";
			developmentRegion = en;
			hasScannedForEncodings = 0;
			knownRegions = (
				en,
				Base,
			);
			mainGroup = 9851C5942347BF2700468986;
			productRefGroup = 9851C59E2347BF2700468986 /* Products */;
			projectDirPath = "";
			projectRoot = "";
			targets = (
				9851C59C2347BF2700468986 /* ATT */,
			);
		};
/* End PBXProject section */

/* Begin PBXResourcesBuildPhase section */
		9851C59B2347BF2700468986 /* Resources */ = {
			isa = PBXResourcesBuildPhase;
			buildActionMask = 2147483647;
			files = (
				9851C5AD2347BF2900468986 /* LaunchScreen.storyboard in Resources */,
				15A499EC2347F3B400DBBE0A /* GoogleService-Info.plist in Resources */,
				9851C5AA2347BF2900468986 /* Assets.xcassets in Resources */,
				9851C5A82347BF2800468986 /* Main.storyboard in Resources */,
			);
			runOnlyForDeploymentPostprocessing = 0;
		};
/* End PBXResourcesBuildPhase section */

/* Begin PBXShellScriptBuildPhase section */
		12FE8E3CD6F1DD02EADEB9D9 /* [CP] Embed Pods Frameworks */ = {
			isa = PBXShellScriptBuildPhase;
			buildActionMask = 2147483647;
			files = (
			);
			inputFileListPaths = (
				"${PODS_ROOT}/Target Support Files/Pods-ATT/Pods-ATT-frameworks-${CONFIGURATION}-input-files.xcfilelist",
			);
			name = "[CP] Embed Pods Frameworks";
			outputFileListPaths = (
				"${PODS_ROOT}/Target Support Files/Pods-ATT/Pods-ATT-frameworks-${CONFIGURATION}-output-files.xcfilelist",
			);
			runOnlyForDeploymentPostprocessing = 0;
			shellPath = /bin/sh;
			shellScript = "\"${PODS_ROOT}/Target Support Files/Pods-ATT/Pods-ATT-frameworks.sh\"\n";
			showEnvVarsInLog = 0;
		};
		FE02446A69D00048B77DDF03 /* [CP] Check Pods Manifest.lock */ = {
			isa = PBXShellScriptBuildPhase;
			buildActionMask = 2147483647;
			files = (
			);
			inputFileListPaths = (
			);
			inputPaths = (
				"${PODS_PODFILE_DIR_PATH}/Podfile.lock",
				"${PODS_ROOT}/Manifest.lock",
			);
			name = "[CP] Check Pods Manifest.lock";
			outputFileListPaths = (
			);
			outputPaths = (
				"$(DERIVED_FILE_DIR)/Pods-ATT-checkManifestLockResult.txt",
			);
			runOnlyForDeploymentPostprocessing = 0;
			shellPath = /bin/sh;
			shellScript = "diff \"${PODS_PODFILE_DIR_PATH}/Podfile.lock\" \"${PODS_ROOT}/Manifest.lock\" > /dev/null\nif [ $? != 0 ] ; then\n    # print error to STDERR\n    echo \"error: The sandbox is not in sync with the Podfile.lock. Run 'pod install' or update your CocoaPods installation.\" >&2\n    exit 1\nfi\n# This output is used by Xcode 'outputs' to avoid re-running this script phase.\necho \"SUCCESS\" > \"${SCRIPT_OUTPUT_FILE_0}\"\n";
			showEnvVarsInLog = 0;
		};
/* End PBXShellScriptBuildPhase section */

/* Begin PBXSourcesBuildPhase section */
		9851C5992347BF2700468986 /* Sources */ = {
			isa = PBXSourcesBuildPhase;
			buildActionMask = 2147483647;
			files = (
				15A499EA2347E73500DBBE0A /* Extensions.swift in Sources */,
				9851C5A52347BF2700468986 /* ViewController.swift in Sources */,
				9851C5A12347BF2700468986 /* AppDelegate.swift in Sources */,
				15A499E52347E20E00DBBE0A /* ChatViewController.swift in Sources */,
				15A499EF2347F8E900DBBE0A /* FirebaseHelper.swift in Sources */,
				9851C5A32347BF2700468986 /* SceneDelegate.swift in Sources */,
			);
			runOnlyForDeploymentPostprocessing = 0;
		};
/* End PBXSourcesBuildPhase section */

/* Begin PBXVariantGroup section */
		9851C5A62347BF2800468986 /* Main.storyboard */ = {
			isa = PBXVariantGroup;
			children = (
				9851C5A72347BF2800468986 /* Base */,
			);
			name = Main.storyboard;
			sourceTree = "<group>";
		};
		9851C5AB2347BF2900468986 /* LaunchScreen.storyboard */ = {
			isa = PBXVariantGroup;
			children = (
				9851C5AC2347BF2900468986 /* Base */,
			);
			name = LaunchScreen.storyboard;
			sourceTree = "<group>";
		};
/* End PBXVariantGroup section */

/* Begin XCBuildConfiguration section */
		9851C5AF2347BF2900468986 /* Debug */ = {
			isa = XCBuildConfiguration;
			buildSettings = {
				ALWAYS_SEARCH_USER_PATHS = NO;
				CLANG_ANALYZER_NONNULL = YES;
				CLANG_ANALYZER_NUMBER_OBJECT_CONVERSION = YES_AGGRESSIVE;
				CLANG_CXX_LANGUAGE_STANDARD = "gnu++14";
				CLANG_CXX_LIBRARY = "libc++";
				CLANG_ENABLE_MODULES = YES;
				CLANG_ENABLE_OBJC_ARC = YES;
				CLANG_ENABLE_OBJC_WEAK = YES;
				CLANG_WARN_BLOCK_CAPTURE_AUTORELEASING = YES;
				CLANG_WARN_BOOL_CONVERSION = YES;
				CLANG_WARN_COMMA = YES;
				CLANG_WARN_CONSTANT_CONVERSION = YES;
				CLANG_WARN_DEPRECATED_OBJC_IMPLEMENTATIONS = YES;
				CLANG_WARN_DIRECT_OBJC_ISA_USAGE = YES_ERROR;
				CLANG_WARN_DOCUMENTATION_COMMENTS = YES;
				CLANG_WARN_EMPTY_BODY = YES;
				CLANG_WARN_ENUM_CONVERSION = YES;
				CLANG_WARN_INFINITE_RECURSION = YES;
				CLANG_WARN_INT_CONVERSION = YES;
				CLANG_WARN_NON_LITERAL_NULL_CONVERSION = YES;
				CLANG_WARN_OBJC_IMPLICIT_RETAIN_SELF = YES;
				CLANG_WARN_OBJC_LITERAL_CONVERSION = YES;
				CLANG_WARN_OBJC_ROOT_CLASS = YES_ERROR;
				CLANG_WARN_RANGE_LOOP_ANALYSIS = YES;
				CLANG_WARN_STRICT_PROTOTYPES = YES;
				CLANG_WARN_SUSPICIOUS_MOVE = YES;
				CLANG_WARN_UNGUARDED_AVAILABILITY = YES_AGGRESSIVE;
				CLANG_WARN_UNREACHABLE_CODE = YES;
				CLANG_WARN__DUPLICATE_METHOD_MATCH = YES;
				COPY_PHASE_STRIP = NO;
				DEBUG_INFORMATION_FORMAT = dwarf;
				ENABLE_STRICT_OBJC_MSGSEND = YES;
				ENABLE_TESTABILITY = YES;
				GCC_C_LANGUAGE_STANDARD = gnu11;
				GCC_DYNAMIC_NO_PIC = NO;
				GCC_NO_COMMON_BLOCKS = YES;
				GCC_OPTIMIZATION_LEVEL = 0;
				GCC_PREPROCESSOR_DEFINITIONS = (
					"DEBUG=1",
					"$(inherited)",
				);
				GCC_WARN_64_TO_32_BIT_CONVERSION = YES;
				GCC_WARN_ABOUT_RETURN_TYPE = YES_ERROR;
				GCC_WARN_UNDECLARED_SELECTOR = YES;
				GCC_WARN_UNINITIALIZED_AUTOS = YES_AGGRESSIVE;
				GCC_WARN_UNUSED_FUNCTION = YES;
				GCC_WARN_UNUSED_VARIABLE = YES;
				IPHONEOS_DEPLOYMENT_TARGET = 13.0;
				MTL_ENABLE_DEBUG_INFO = INCLUDE_SOURCE;
				MTL_FAST_MATH = YES;
				ONLY_ACTIVE_ARCH = YES;
				SDKROOT = iphoneos;
				SWIFT_ACTIVE_COMPILATION_CONDITIONS = DEBUG;
				SWIFT_OPTIMIZATION_LEVEL = "-Onone";
			};
			name = Debug;
		};
		9851C5B02347BF2900468986 /* Release */ = {
			isa = XCBuildConfiguration;
			buildSettings = {
				ALWAYS_SEARCH_USER_PATHS = NO;
				CLANG_ANALYZER_NONNULL = YES;
				CLANG_ANALYZER_NUMBER_OBJECT_CONVERSION = YES_AGGRESSIVE;
				CLANG_CXX_LANGUAGE_STANDARD = "gnu++14";
				CLANG_CXX_LIBRARY = "libc++";
				CLANG_ENABLE_MODULES = YES;
				CLANG_ENABLE_OBJC_ARC = YES;
				CLANG_ENABLE_OBJC_WEAK = YES;
				CLANG_WARN_BLOCK_CAPTURE_AUTORELEASING = YES;
				CLANG_WARN_BOOL_CONVERSION = YES;
				CLANG_WARN_COMMA = YES;
				CLANG_WARN_CONSTANT_CONVERSION = YES;
				CLANG_WARN_DEPRECATED_OBJC_IMPLEMENTATIONS = YES;
				CLANG_WARN_DIRECT_OBJC_ISA_USAGE = YES_ERROR;
				CLANG_WARN_DOCUMENTATION_COMMENTS = YES;
				CLANG_WARN_EMPTY_BODY = YES;
				CLANG_WARN_ENUM_CONVERSION = YES;
				CLANG_WARN_INFINITE_RECURSION = YES;
				CLANG_WARN_INT_CONVERSION = YES;
				CLANG_WARN_NON_LITERAL_NULL_CONVERSION = YES;
				CLANG_WARN_OBJC_IMPLICIT_RETAIN_SELF = YES;
				CLANG_WARN_OBJC_LITERAL_CONVERSION = YES;
				CLANG_WARN_OBJC_ROOT_CLASS = YES_ERROR;
				CLANG_WARN_RANGE_LOOP_ANALYSIS = YES;
				CLANG_WARN_STRICT_PROTOTYPES = YES;
				CLANG_WARN_SUSPICIOUS_MOVE = YES;
				CLANG_WARN_UNGUARDED_AVAILABILITY = YES_AGGRESSIVE;
				CLANG_WARN_UNREACHABLE_CODE = YES;
				CLANG_WARN__DUPLICATE_METHOD_MATCH = YES;
				COPY_PHASE_STRIP = NO;
				DEBUG_INFORMATION_FORMAT = "dwarf-with-dsym";
				ENABLE_NS_ASSERTIONS = NO;
				ENABLE_STRICT_OBJC_MSGSEND = YES;
				GCC_C_LANGUAGE_STANDARD = gnu11;
				GCC_NO_COMMON_BLOCKS = YES;
				GCC_WARN_64_TO_32_BIT_CONVERSION = YES;
				GCC_WARN_ABOUT_RETURN_TYPE = YES_ERROR;
				GCC_WARN_UNDECLARED_SELECTOR = YES;
				GCC_WARN_UNINITIALIZED_AUTOS = YES_AGGRESSIVE;
				GCC_WARN_UNUSED_FUNCTION = YES;
				GCC_WARN_UNUSED_VARIABLE = YES;
				IPHONEOS_DEPLOYMENT_TARGET = 13.0;
				MTL_ENABLE_DEBUG_INFO = NO;
				MTL_FAST_MATH = YES;
				SDKROOT = iphoneos;
				SWIFT_COMPILATION_MODE = wholemodule;
				SWIFT_OPTIMIZATION_LEVEL = "-O";
				VALIDATE_PRODUCT = YES;
			};
			name = Release;
		};
		9851C5B22347BF2900468986 /* Debug */ = {
			isa = XCBuildConfiguration;
			baseConfigurationReference = 15D3791EA5B60B59C91ABF45 /* Pods-ATT.debug.xcconfig */;
			buildSettings = {
				ASSETCATALOG_COMPILER_APPICON_NAME = AppIcon;
				CODE_SIGN_STYLE = Automatic;
				DEVELOPMENT_TEAM = JM6RH6V5Z9;
				INFOPLIST_FILE = ATT/Info.plist;
				LD_RUNPATH_SEARCH_PATHS = (
					"$(inherited)",
					"@executable_path/Frameworks",
				);
				PRODUCT_BUNDLE_IDENTIFIER = hackercidadao.ATT;
				PRODUCT_NAME = "$(TARGET_NAME)";
				SWIFT_VERSION = 5.0;
				TARGETED_DEVICE_FAMILY = "1,2";
			};
			name = Debug;
		};
		9851C5B32347BF2900468986 /* Release */ = {
			isa = XCBuildConfiguration;
			baseConfigurationReference = AB5C3B8B38E4437ACECAFF73 /* Pods-ATT.release.xcconfig */;
			buildSettings = {
				ASSETCATALOG_COMPILER_APPICON_NAME = AppIcon;
				CODE_SIGN_STYLE = Automatic;
				DEVELOPMENT_TEAM = JM6RH6V5Z9;
				INFOPLIST_FILE = ATT/Info.plist;
				LD_RUNPATH_SEARCH_PATHS = (
					"$(inherited)",
					"@executable_path/Frameworks",
				);
				PRODUCT_BUNDLE_IDENTIFIER = hackercidadao.ATT;
				PRODUCT_NAME = "$(TARGET_NAME)";
				SWIFT_VERSION = 5.0;
				TARGETED_DEVICE_FAMILY = "1,2";
			};
			name = Release;
		};
/* End XCBuildConfiguration section */

/* Begin XCConfigurationList section */
		9851C5982347BF2700468986 /* Build configuration list for PBXProject "ATT" */ = {
			isa = XCConfigurationList;
			buildConfigurations = (
				9851C5AF2347BF2900468986 /* Debug */,
				9851C5B02347BF2900468986 /* Release */,
			);
			defaultConfigurationIsVisible = 0;
			defaultConfigurationName = Release;
		};
		9851C5B12347BF2900468986 /* Build configuration list for PBXNativeTarget "ATT" */ = {
			isa = XCConfigurationList;
			buildConfigurations = (
				9851C5B22347BF2900468986 /* Debug */,
				9851C5B32347BF2900468986 /* Release */,
			);
			defaultConfigurationIsVisible = 0;
			defaultConfigurationName = Release;
		};
/* End XCConfigurationList section */
	};
	rootObject = 9851C5952347BF2700468986 /* Project object */;
}
